
Microsoft Visual Studio Solution File, Format Version 12.00
# Visual Studio 2013
VisualStudioVersion = 12.0.21005.1
MinimumVisualStudioVersion = 10.0.40219.1
Project("{FAE04EC0-301F-11D3-BF4B-00C04F79EFBC}") = "Common", "Common\Common.csproj", "{3A432FCE-6237-4870-9730-3524B1F6C244}"
EndProject
Project("{2150E333-8FDC-42A3-9474-1A3956D46DE8}") = "WinForm", "WinForm", "{029BB566-C53A-4313-A2BA-D4F8F0ED2026}"
EndProject
Project("{2150E333-8FDC-42A3-9474-1A3956D46DE8}") = "WPF", "WPF", "{7B28B0A1-C9D3-4EBB-B688-0504C76A72A2}"
EndProject
Project("{FAE04EC0-301F-11D3-BF4B-00C04F79EFBC}") = "Reception", "WPF\Reception\Reception.csproj", "{382E0219-D066-452A-98D1-C9CB644CE187}"
EndProject
Project("{FAE04EC0-301F-11D3-BF4B-00C04F79EFBC}") = "Reception", "WinForm\Reception\Reception.csproj", "{17047B97-303A-48F3-B619-71020D7570F9}"
EndProject
Project("{FAE04EC0-301F-11D3-BF4B-00C04F79EFBC}") = "Tablet", "WinForm\Tablet\Tablet.csproj", "{380BB524-E314-4299-89DC-DEFF616B0995}"
EndProject
Project("{FAE04EC0-301F-11D3-BF4B-00C04F79EFBC}") = "SignBoard", "WPF\SignBoard\SignBoard.csproj", "{2D0B91AF-238D-4059-93B8-608724E465F3}"
EndProject
Global
	GlobalSection(SolutionConfigurationPlatforms) = preSolution
		Debug|Any CPU = Debug|Any CPU
		Release|Any CPU = Release|Any CPU
	EndGlobalSection
	GlobalSection(ProjectConfigurationPlatforms) = postSolution
		{3A432FCE-6237-4870-9730-3524B1F6C244}.Debug|Any CPU.ActiveCfg = Debug|Any CPU
		{3A432FCE-6237-4870-9730-3524B1F6C244}.Debug|Any CPU.Build.0 = Debug|Any CPU
		{3A432FCE-6237-4870-9730-3524B1F6C244}.Release|Any CPU.ActiveCfg = Release|Any CPU
		{3A432FCE-6237-4870-9730-3524B1F6C244}.Release|Any CPU.Build.0 = Release|Any CPU
		{382E0219-D066-452A-98D1-C9CB644CE187}.Debug|Any CPU.ActiveCfg = Debug|Any CPU
		{382E0219-D066-452A-98D1-C9CB644CE187}.Debug|Any CPU.Build.0 = Debug|Any CPU
		{382E0219-D066-452A-98D1-C9CB644CE187}.Release|Any CPU.ActiveCfg = Release|Any CPU
		{382E0219-D066-452A-98D1-C9CB644CE187}.Release|Any CPU.Build.0 = Release|Any CPU
		{17047B97-303A-48F3-B619-71020D7570F9}.Debug|Any CPU.ActiveCfg = Debug|Any CPU
		{17047B97-303A-48F3-B619-71020D7570F9}.Debug|Any CPU.Build.0 = Debug|Any CPU
		{17047B97-303A-48F3-B619-71020D7570F9}.Release|Any CPU.ActiveCfg = Release|Any CPU
		{17047B97-303A-48F3-B619-71020D7570F9}.Release|Any CPU.Build.0 = Release|Any CPU
		{380BB524-E314-4299-89DC-DEFF616B0995}.Debug|Any CPU.ActiveCfg = Debug|Any CPU
		{380BB524-E314-4299-89DC-DEFF616B0995}.Debug|Any CPU.Build.0 = Debug|Any CPU
		{380BB524-E314-4299-89DC-DEFF616B0995}.Release|Any CPU.ActiveCfg = Release|Any CPU
		{380BB524-E314-4299-89DC-DEFF616B0995}.Release|Any CPU.Build.0 = Release|Any CPU
		{2D0B91AF-238D-4059-93B8-608724E465F3}.Debug|Any CPU.ActiveCfg = Debug|Any CPU
		{2D0B91AF-238D-4059-93B8-608724E465F3}.Debug|Any CPU.Build.0 = Debug|Any CPU
		{2D0B91AF-238D-4059-93B8-608724E465F3}.Release|Any CPU.ActiveCfg = Release|Any CPU
		{2D0B91AF-238D-4059-93B8-608724E465F3}.Release|Any CPU.Build.0 = Release|Any CPU
	EndGlobalSection
	GlobalSection(SolutionProperties) = preSolution
		HideSolutionNode = FALSE
	EndGlobalSection
	GlobalSection(NestedProjects) = preSolution
		{17047B97-303A-48F3-B619-71020D7570F9} = {029BB566-C53A-4313-A2BA-D4F8F0ED2026}
		{380BB524-E314-4299-89DC-DEFF616B0995} = {029BB566-C53A-4313-A2BA-D4F8F0ED2026}
		{382E0219-D066-452A-98D1-C9CB644CE187} = {7B28B0A1-C9D3-4EBB-B688-0504C76A72A2}
		{2D0B91AF-238D-4059-93B8-608724E465F3} = {7B28B0A1-C9D3-4EBB-B688-0504C76A72A2}
	EndGlobalSection
EndGlobal
